
Microsoft Visual Studio Solution File, Format Version 12.00
# Visual Studio 14
VisualStudioVersion = 14.0.25123.0
MinimumVisualStudioVersion = 10.0.40219.1
Project("{FAE04EC0-301F-11D3-BF4B-00C04F79EFBC}") = "ExaScriptMobile", "ExaScriptMobile\ExaScriptMobile.csproj", "{0EAF6748-C529-4ACF-A281-229DA5597B87}"
EndProject
Project("{FAE04EC0-301F-11D3-BF4B-00C04F79EFBC}") = "ExaScript", "..\ExaScript\ExaScript\ExaScript.csproj", "{95289EA9-5778-489D-AB48-F81F2CE2DA32}"
EndProject
Project("{FAE04EC0-301F-11D3-BF4B-00C04F79EFBC}") = "ExaScript OTG", "..\ExaScript\ExaScript OTG\ExaScript OTG.csproj", "{341674DD-67BA-4221-A4E0-C90FC8DD66B5}"
EndProject
Global
	GlobalSection(SolutionConfigurationPlatforms) = preSolution
		AndroidDebug|Any CPU = AndroidDebug|Any CPU
		AndroidRelease|Any CPU = AndroidRelease|Any CPU
		Debug|Any CPU = Debug|Any CPU
		FxCop|Any CPU = FxCop|Any CPU
		Release|Any CPU = Release|Any CPU
		Silverlight5Debug|Any CPU = Silverlight5Debug|Any CPU
		Silverlight5Release|Any CPU = Silverlight5Release|Any CPU
		v2Debug|Any CPU = v2Debug|Any CPU
		v2Release|Any CPU = v2Release|Any CPU
		v45Debug|Any CPU = v45Debug|Any CPU
		v45Release|Any CPU = v45Release|Any CPU
		Win8Debug|Any CPU = Win8Debug|Any CPU
		Win8Release|Any CPU = Win8Release|Any CPU
	EndGlobalSection
	GlobalSection(ProjectConfigurationPlatforms) = postSolution
		{0EAF6748-C529-4ACF-A281-229DA5597B87}.AndroidDebug|Any CPU.ActiveCfg = Debug|Any CPU
		{0EAF6748-C529-4ACF-A281-229DA5597B87}.AndroidDebug|Any CPU.Build.0 = Debug|Any CPU
		{0EAF6748-C529-4ACF-A281-229DA5597B87}.AndroidDebug|Any CPU.Deploy.0 = Debug|Any CPU
		{0EAF6748-C529-4ACF-A281-229DA5597B87}.AndroidRelease|Any CPU.ActiveCfg = Release|Any CPU
		{0EAF6748-C529-4ACF-A281-229DA5597B87}.AndroidRelease|Any CPU.Build.0 = Release|Any CPU
		{0EAF6748-C529-4ACF-A281-229DA5597B87}.AndroidRelease|Any CPU.Deploy.0 = Release|Any CPU
		{0EAF6748-C529-4ACF-A281-229DA5597B87}.Debug|Any CPU.ActiveCfg = Debug|Any CPU
		{0EAF6748-C529-4ACF-A281-229DA5597B87}.Debug|Any CPU.Build.0 = Debug|Any CPU
		{0EAF6748-C529-4ACF-A281-229DA5597B87}.Debug|Any CPU.Deploy.0 = Debug|Any CPU
		{0EAF6748-C529-4ACF-A281-229DA5597B87}.FxCop|Any CPU.ActiveCfg = Release|Any CPU
		{0EAF6748-C529-4ACF-A281-229DA5597B87}.FxCop|Any CPU.Build.0 = Release|Any CPU
		{0EAF6748-C529-4ACF-A281-229DA5597B87}.FxCop|Any CPU.Deploy.0 = Release|Any CPU
		{0EAF6748-C529-4ACF-A281-229DA5597B87}.Release|Any CPU.ActiveCfg = Release|Any CPU
		{0EAF6748-C529-4ACF-A281-229DA5597B87}.Release|Any CPU.Build.0 = Release|Any CPU
		{0EAF6748-C529-4ACF-A281-229DA5597B87}.Release|Any CPU.Deploy.0 = Release|Any CPU
		{0EAF6748-C529-4ACF-A281-229DA5597B87}.Silverlight5Debug|Any CPU.ActiveCfg = Debug|Any CPU
		{0EAF6748-C529-4ACF-A281-229DA5597B87}.Silverlight5Debug|Any CPU.Build.0 = Debug|Any CPU
		{0EAF6748-C529-4ACF-A281-229DA5597B87}.Silverlight5Debug|Any CPU.Deploy.0 = Debug|Any CPU
		{0EAF6748-C529-4ACF-A281-229DA5597B87}.Silverlight5Release|Any CPU.ActiveCfg = Release|Any CPU
		{0EAF6748-C529-4ACF-A281-229DA5597B87}.Silverlight5Release|Any CPU.Build.0 = Release|Any CPU
		{0EAF6748-C529-4ACF-A281-229DA5597B87}.Silverlight5Release|Any CPU.Deploy.0 = Release|Any CPU
		{0EAF6748-C529-4ACF-A281-229DA5597B87}.v2Debug|Any CPU.ActiveCfg = Debug|Any CPU
		{0EAF6748-C529-4ACF-A281-229DA5597B87}.v2Debug|Any CPU.Build.0 = Debug|Any CPU
		{0EAF6748-C529-4ACF-A281-229DA5597B87}.v2Debug|Any CPU.Deploy.0 = Debug|Any CPU
		{0EAF6748-C529-4ACF-A281-229DA5597B87}.v2Release|Any CPU.ActiveCfg = Release|Any CPU
		{0EAF6748-C529-4ACF-A281-229DA5597B87}.v2Release|Any CPU.Build.0 = Release|Any CPU
		{0EAF6748-C529-4ACF-A281-229DA5597B87}.v2Release|Any CPU.Deploy.0 = Release|Any CPU
		{0EAF6748-C529-4ACF-A281-229DA5597B87}.v45Debug|Any CPU.ActiveCfg = Debug|Any CPU
		{0EAF6748-C529-4ACF-A281-229DA5597B87}.v45Debug|Any CPU.Build.0 = Debug|Any CPU
		{0EAF6748-C529-4ACF-A281-229DA5597B87}.v45Debug|Any CPU.Deploy.0 = Debug|Any CPU
		{0EAF6748-C529-4ACF-A281-229DA5597B87}.v45Release|Any CPU.ActiveCfg = Release|Any CPU
		{0EAF6748-C529-4ACF-A281-229DA5597B87}.v45Release|Any CPU.Build.0 = Release|Any CPU
		{0EAF6748-C529-4ACF-A281-229DA5597B87}.v45Release|Any CPU.Deploy.0 = Release|Any CPU
		{0EAF6748-C529-4ACF-A281-229DA5597B87}.Win8Debug|Any CPU.ActiveCfg = Debug|Any CPU
		{0EAF6748-C529-4ACF-A281-229DA5597B87}.Win8Debug|Any CPU.Build.0 = Debug|Any CPU
		{0EAF6748-C529-4ACF-A281-229DA5597B87}.Win8Debug|Any CPU.Deploy.0 = Debug|Any CPU
		{0EAF6748-C529-4ACF-A281-229DA5597B87}.Win8Release|Any CPU.ActiveCfg = Release|Any CPU
		{0EAF6748-C529-4ACF-A281-229DA5597B87}.Win8Release|Any CPU.Build.0 = Release|Any CPU
		{0EAF6748-C529-4ACF-A281-229DA5597B87}.Win8Release|Any CPU.Deploy.0 = Release|Any CPU
		{95289EA9-5778-489D-AB48-F81F2CE2DA32}.AndroidDebug|Any CPU.ActiveCfg = AndroidDebug|Any CPU
		{95289EA9-5778-489D-AB48-F81F2CE2DA32}.AndroidDebug|Any CPU.Build.0 = AndroidDebug|Any CPU
		{95289EA9-5778-489D-AB48-F81F2CE2DA32}.AndroidRelease|Any CPU.ActiveCfg = AndroidRelease|Any CPU
		{95289EA9-5778-489D-AB48-F81F2CE2DA32}.AndroidRelease|Any CPU.Build.0 = AndroidRelease|Any CPU
		{95289EA9-5778-489D-AB48-F81F2CE2DA32}.Debug|Any CPU.ActiveCfg = Debug|Any CPU
		{95289EA9-5778-489D-AB48-F81F2CE2DA32}.Debug|Any CPU.Build.0 = Debug|Any CPU
		{95289EA9-5778-489D-AB48-F81F2CE2DA32}.FxCop|Any CPU.ActiveCfg = FxCop|Any CPU
		{95289EA9-5778-489D-AB48-F81F2CE2DA32}.FxCop|Any CPU.Build.0 = FxCop|Any CPU
		{95289EA9-5778-489D-AB48-F81F2CE2DA32}.Release|Any CPU.ActiveCfg = Release|Any CPU
		{95289EA9-5778-489D-AB48-F81F2CE2DA32}.Release|Any CPU.Build.0 = Release|Any CPU
		{95289EA9-5778-489D-AB48-F81F2CE2DA32}.Silverlight5Debug|Any CPU.ActiveCfg = Silverlight5Debug|Any CPU
		{95289EA9-5778-489D-AB48-F81F2CE2DA32}.Silverlight5Debug|Any CPU.Build.0 = Silverlight5Debug|Any CPU
		{95289EA9-5778-489D-AB48-F81F2CE2DA32}.Silverlight5Release|Any CPU.ActiveCfg = Silverlight5Release|Any CPU
		{95289EA9-5778-489D-AB48-F81F2CE2DA32}.Silverlight5Release|Any CPU.Build.0 = Silverlight5Release|Any CPU
		{95289EA9-5778-489D-AB48-F81F2CE2DA32}.v2Debug|Any CPU.ActiveCfg = v2Debug|Any CPU
		{95289EA9-5778-489D-AB48-F81F2CE2DA32}.v2Debug|Any CPU.Build.0 = v2Debug|Any CPU
		{95289EA9-5778-489D-AB48-F81F2CE2DA32}.v2Release|Any CPU.ActiveCfg = v2Release|Any CPU
		{95289EA9-5778-489D-AB48-F81F2CE2DA32}.v2Release|Any CPU.Build.0 = v2Release|Any CPU
		{95289EA9-5778-489D-AB48-F81F2CE2DA32}.v45Debug|Any CPU.ActiveCfg = v45Debug|Any CPU
		{95289EA9-5778-489D-AB48-F81F2CE2DA32}.v45Debug|Any CPU.Build.0 = v45Debug|Any CPU
		{95289EA9-5778-489D-AB48-F81F2CE2DA32}.v45Release|Any CPU.ActiveCfg = v45Release|Any CPU
		{95289EA9-5778-489D-AB48-F81F2CE2DA32}.v45Release|Any CPU.Build.0 = v45Release|Any CPU
		{95289EA9-5778-489D-AB48-F81F2CE2DA32}.Win8Debug|Any CPU.ActiveCfg = Win8Debug|Any CPU
		{95289EA9-5778-489D-AB48-F81F2CE2DA32}.Win8Debug|Any CPU.Build.0 = Win8Debug|Any CPU
		{95289EA9-5778-489D-AB48-F81F2CE2DA32}.Win8Release|Any CPU.ActiveCfg = Win8Release|Any CPU
		{95289EA9-5778-489D-AB48-F81F2CE2DA32}.Win8Release|Any CPU.Build.0 = Win8Release|Any CPU
		{341674DD-67BA-4221-A4E0-C90FC8DD66B5}.AndroidDebug|Any CPU.ActiveCfg = Debug|Any CPU
		{341674DD-67BA-4221-A4E0-C90FC8DD66B5}.AndroidDebug|Any CPU.Build.0 = Debug|Any CPU
		{341674DD-67BA-4221-A4E0-C90FC8DD66B5}.AndroidRelease|Any CPU.ActiveCfg = Release|Any CPU
		{341674DD-67BA-4221-A4E0-C90FC8DD66B5}.AndroidRelease|Any CPU.Build.0 = Release|Any CPU
		{341674DD-67BA-4221-A4E0-C90FC8DD66B5}.Debug|Any CPU.ActiveCfg = Debug|Any CPU
		{341674DD-67BA-4221-A4E0-C90FC8DD66B5}.Debug|Any CPU.Build.0 = Debug|Any CPU
		{341674DD-67BA-4221-A4E0-C90FC8DD66B5}.FxCop|Any CPU.ActiveCfg = Release|Any CPU
		{341674DD-67BA-4221-A4E0-C90FC8DD66B5}.FxCop|Any CPU.Build.0 = Release|Any CPU
		{341674DD-67BA-4221-A4E0-C90FC8DD66B5}.Release|Any CPU.ActiveCfg = Release|Any CPU
		{341674DD-67BA-4221-A4E0-C90FC8DD66B5}.Release|Any CPU.Build.0 = Release|Any CPU
		{341674DD-67BA-4221-A4E0-C90FC8DD66B5}.Silverlight5Debug|Any CPU.ActiveCfg = Debug|Any CPU
		{341674DD-67BA-4221-A4E0-C90FC8DD66B5}.Silverlight5Debug|Any CPU.Build.0 = Debug|Any CPU
		{341674DD-67BA-4221-A4E0-C90FC8DD66B5}.Silverlight5Release|Any CPU.ActiveCfg = Release|Any CPU
		{341674DD-67BA-4221-A4E0-C90FC8DD66B5}.Silverlight5Release|Any CPU.Build.0 = Release|Any CPU
		{341674DD-67BA-4221-A4E0-C90FC8DD66B5}.v2Debug|Any CPU.ActiveCfg = Debug|Any CPU
		{341674DD-67BA-4221-A4E0-C90FC8DD66B5}.v2Debug|Any CPU.Build.0 = Debug|Any CPU
		{341674DD-67BA-4221-A4E0-C90FC8DD66B5}.v2Release|Any CPU.ActiveCfg = Release|Any CPU
		{341674DD-67BA-4221-A4E0-C90FC8DD66B5}.v2Release|Any CPU.Build.0 = Release|Any CPU
		{341674DD-67BA-4221-A4E0-C90FC8DD66B5}.v45Debug|Any CPU.ActiveCfg = Debug|Any CPU
		{341674DD-67BA-4221-A4E0-C90FC8DD66B5}.v45Debug|Any CPU.Build.0 = Debug|Any CPU
		{341674DD-67BA-4221-A4E0-C90FC8DD66B5}.v45Release|Any CPU.ActiveCfg = Release|Any CPU
		{341674DD-67BA-4221-A4E0-C90FC8DD66B5}.v45Release|Any CPU.Build.0 = Release|Any CPU
		{341674DD-67BA-4221-A4E0-C90FC8DD66B5}.Win8Debug|Any CPU.ActiveCfg = Debug|Any CPU
		{341674DD-67BA-4221-A4E0-C90FC8DD66B5}.Win8Debug|Any CPU.Build.0 = Debug|Any CPU
		{341674DD-67BA-4221-A4E0-C90FC8DD66B5}.Win8Release|Any CPU.ActiveCfg = Release|Any CPU
		{341674DD-67BA-4221-A4E0-C90FC8DD66B5}.Win8Release|Any CPU.Build.0 = Release|Any CPU
	EndGlobalSection
	GlobalSection(SolutionProperties) = preSolution
		HideSolutionNode = FALSE
	EndGlobalSection
EndGlobal
